github.com/cyberdelia/go-metrics-graphite v0.0.0-20151204233354-7e54b5c2aa6e h1:vHqtcKX03skjdXrmvRWpKLKbGeRpuxm5kV3/IOvV2U4=
github.com/cyberdelia/go-metrics-graphite v0.0.0-20151204233354-7e54b5c2aa6e/go.mod h1:xwIwAxMvYnVrGJPe2FKx5prTrnAjGOD8zvDOnxnrrkM=
github.com/davecgh/go-spew v1.1.0 h1:ZDRjVQ15GmhC3fiQ8ni8+OwkZQO4DARzQgrnXU1Liz8=
github.com/davecgh/go-spew v1.1.0/go.mod h1:J7Y8YcW2NihsgmVo/mv3lAwl/skON4iLHjSsI+c5H38=
github.com/garyburd/redigo v0.0.0-20161122183206-d7de57ceb51b h1:SLh6eJRTrLtwVsOyY6t9nj/ifqKcXpj3DKi/sqNqWlA=
github.com/garyburd/redigo v0.0.0-20161122183206-d7de57ceb51b/go.mod h1:NR3MbYisc3/PwhQ00EMzDiPmrwpPxAn5GI05/YaO1SY=
github.com/gorilla/websocket v1.4.0 h1:WDFjx/TMzVgy9VdMMQi2K2Emtwi2QcUQsztZ/zLaH/Q=
github.com/gorilla/websocket v1.4.0/go.mod h1:E7qHFY5m1UJ88s3WnNqhKjPHQ0heANvMoAMk2YaljkQ=
github.com/patrickmn/go-cache v0.0.0-20161125234819-e7a9def80f35 h1:CAmSh4QgnRAEF9T8zkdcfzfutT74Tqyi3Hd/Ipof48w=
github.com/patrickmn/go-cache v0.0.0-20161125234819-e7a9def80f35/go.mod h1:3Qf8kWWT7OJRJbdiICTKqZju1ZixQ/KpMGzzAfe6+WQ=
github.com/pkg/errors v0.8.1 h1:iURUrRGxPUNPdy5/HRSm+Yj6okJ6UtLINN0Q9M4+h3I=
github.com/pkg/errors v0.8.1/go.mod h1:bwawxfHBFNV+L2hUp1rHADufV3IMtnDRdf1r5NINEl0=
github.com/pmezard/go-difflib v1.0.0 h1:4DBwDE0NGyQoBHbLQYPwSUPoCMWR5BEzIk/f1lZbAQM=
github.com/pmezard/go-difflib v1.0.0/go.mod h1:iKH77koFhYxTK1pcRnkKkqfTogsbg7gZNVY4sRDYZ/4=
github.com/rcrowley/go-metrics v0.0.0-20181016184325-3113b8401b8a h1:9ZKAASQSHhDYGoxY8uLVpewe1GDZ2vu2Tr/vTdVAkFQ=
github.com/rcrowley/go-metrics v0.0.0-20181016184325-3113b8401b8a/go.mod h1:bCqnVzQkZxMG4s8nGwiZ5l3QUCyqpo9Y+/ZMZ9VjZe4=
github.com/stretchr/objx v0.1.0 h1:4G4v2dO3VZwixGIRoQ5Lfboy6nUhCyYzaqnIAPPhYs4=
github.com/stretchr/objx v0.1.0/go.mod h1:HFkY916IF+rwdDfMAkV7OtwuqBVzrE8GR6GFx+wExME=
github.com/stretchr/testify v1.3.0 h1:TivCn/peBQ7UY8ooIcPgZFpTNSz0Q2U6UrFlUfqbe0Q=
github.com/stretchr/testify v1.3.0/go.mod h1:M5WIy9Dh21IEIfnGCwXGc5bZfKNJtfHm1UVUgZn+9EI=
github.com/uber-go/atomic v0.0.0-20161027163608-9e99152552a6 h1:IvCVaHq7buE+Xu8Bbph9irClTOmRRHf29y+SvA8K3pY=
github.com/uber-go/atomic v0.0.0-20161027163608-9e99152552a6/go.mod h1:/Ct5t2lcmbJ4OSe/waGBoaVvVqtO0bmtfVNex1PFV8g=
github.com/uber-go/zap v0.0.0-20161123233923-11e8d8f6b3c9 h1:bTT2SHHQUzPyV09IrM+cKhWjr/7tzvSDeltB3g8iFGc=
github.com/uber-go/zap v0.0.0-20161123233923-11e8d8f6b3c9/go.mod h1:GY+83l3yxBcBw2kmHu/sAWwItnTn+ynxHCRo+WiIQOY=
github.com/yulrizka/bot v0.2.4 h1:WqfwnuJhYTbTilFbpESzP7PG8OW9RLgi1AmWLa4sFbM=
github.com/yulrizka/bot v0.2.4/go.mod h1:sPN1hGxrtuC6NUNTRYu+r4iIsQPuYq/IRiOyrFOh+gI=
go.uber.org/atomic v1.3.2 h1:2Oa65PReHzfn29GpvgsYwloV9AVFHPDk8tYxt2c2tr4=
go.uber.org/atomic v1.3.2/go.mod h1:gD2HeocX3+yG+ygLZcrzQJaqmWj9AIm7n08wl/qW/PE=
